
Microsoft Visual Studio Solution File, Format Version 12.00
# Visual Studio 14
VisualStudioVersion = 14.0.25420.1
MinimumVisualStudioVersion = 10.0.40219.1
Project("{F2A71F9B-5D33-465A-A702-920D77279786}") = "StormworksVehicleParser", "StormworksVehicleParser\StormworksVehicleParser.fsproj", "{39CE29FF-5E39-4BAC-A6A7-C169E4560630}"
EndProject
Project("{F2A71F9B-5D33-465A-A702-920D77279786}") = "NUnitTestAssembly", "NUnitTestAssembly\NUnitTestAssembly.fsproj", "{52D2DFA4-6903-4018-9259-3808A2D6AB96}"
EndProject
Global
	GlobalSection(SolutionConfigurationPlatforms) = preSolution
		Debug|Any CPU = Debug|Any CPU
	EndGlobalSection
	GlobalSection(ProjectConfigurationPlatforms) = postSolution
		{39CE29FF-5E39-4BAC-A6A7-C169E4560630}.Debug|Any CPU.ActiveCfg = Debug|Any CPU
		{39CE29FF-5E39-4BAC-A6A7-C169E4560630}.Debug|Any CPU.Build.0 = Debug|Any CPU
		{52D2DFA4-6903-4018-9259-3808A2D6AB96}.Debug|Any CPU.ActiveCfg = Debug|Any CPU
		{52D2DFA4-6903-4018-9259-3808A2D6AB96}.Debug|Any CPU.Build.0 = Debug|Any CPU
	EndGlobalSection
	GlobalSection(SolutionProperties) = preSolution
		HideSolutionNode = FALSE
	EndGlobalSection
EndGlobal
